{
  "name": "liquid-confluence",
  "version": "1.0.0",
  "lockfileVersion": 2,
  "requires": true,
  "packages": {
    "": {
      "name": "liquid-confluence",
      "version": "1.0.0",
      "hasInstallScript": true,
      "license": "SEE LICENSE IN LICENSE.md",
      "dependencies": {
        "@emdgroup-liquid/liquid": "^4.0.0"
      }
    },
    "node_modules/@emdgroup-liquid/liquid": {
      "version": "4.0.0",
      "resolved": "https://registry.npmjs.org/@emdgroup-liquid/liquid/-/liquid-4.0.0.tgz",
      "integrity": "sha512-FSwhT8ExRYqFmzMM68URZgzXnYIEnrLeOeDBIoUEtPFg5yBHONeJTnrbnzlVHEc4uGjbqj9Kwx+v3pfG1qqqIg==",
      "dependencies": {
        "@stencil/core": "^2.18.1",
        "js-cookie": "^3.0.1",
        "tether": "^2.0.0"
      },
      "bin": {
        "liquid": "bin/cli.js"
      },
      "engines": {
        "node": ">=14.16.1",
        "yarn": ">=1.22.10"
      },
      "peerDependencies": {
        "react": ">=17.0.0",
        "react-dom": ">=17.0.0"
      },
      "peerDependenciesMeta": {
        "react": {
          "optional": true
        },
        "react-dom": {
          "optional": true
        }
      }
    },
    "node_modules/@stencil/core": {
      "version": "2.19.0",
      "resolved": "https://registry.npmjs.org/@stencil/core/-/core-2.19.0.tgz",
      "integrity": "sha512-1z+D4dV8ZQObs3IJrkbB1fCfpU8CBBAiNwEFuA9ReaQwLBzPAXio0Nx2hIMJoPgJGrBxuRfHrrGxrSu5d7hIfg==",
      "bin": {
        "stencil": "bin/stencil"
      },
      "engines": {
        "node": ">=12.10.0",
        "npm": ">=6.0.0"
      }
    },
    "node_modules/js-cookie": {
      "version": "3.0.1",
      "resolved": "https://registry.npmjs.org/js-cookie/-/js-cookie-3.0.1.tgz",
      "integrity": "sha512-+0rgsUXZu4ncpPxRL+lNEptWMOWl9etvPHc/koSRp6MPwpRYAhmk0dUG00J4bxVV3r9uUzfo24wW0knS07SKSw==",
      "engines": {
        "node": ">=12"
      }
    },
    "node_modules/tether": {
      "version": "2.0.0",
      "resolved": "https://registry.npmjs.org/tether/-/tether-2.0.0.tgz",
      "integrity": "sha512-iAkyBhwILpLIvkwzO5w5WUBtpYwxvzLRTO+sbzF3Uy7X4zznsy73v2b4sOQHXE3CQHeSNtB/YMU2Nn9tocbeBQ=="
    }
  },
  "dependencies": {
    "@emdgroup-liquid/liquid": {
      "version": "4.0.0",
      "resolved": "https://registry.npmjs.org/@emdgroup-liquid/liquid/-/liquid-4.0.0.tgz",
      "integrity": "sha512-FSwhT8ExRYqFmzMM68URZgzXnYIEnrLeOeDBIoUEtPFg5yBHONeJTnrbnzlVHEc4uGjbqj9Kwx+v3pfG1qqqIg==",
      "requires": {
        "@stencil/core": "^2.18.1",
        "js-cookie": "^3.0.1",
        "tether": "^2.0.0"
      }
    },
    "@stencil/core": {
      "version": "2.19.0",
      "resolved": "https://registry.npmjs.org/@stencil/core/-/core-2.19.0.tgz",
      "integrity": "sha512-1z+D4dV8ZQObs3IJrkbB1fCfpU8CBBAiNwEFuA9ReaQwLBzPAXio0Nx2hIMJoPgJGrBxuRfHrrGxrSu5d7hIfg=="
    },
    "js-cookie": {
      "version": "3.0.1",
      "resolved": "https://registry.npmjs.org/js-cookie/-/js-cookie-3.0.1.tgz",
      "integrity": "sha512-+0rgsUXZu4ncpPxRL+lNEptWMOWl9etvPHc/koSRp6MPwpRYAhmk0dUG00J4bxVV3r9uUzfo24wW0knS07SKSw=="
    },
    "tether": {
      "version": "2.0.0",
      "resolved": "https://registry.npmjs.org/tether/-/tether-2.0.0.tgz",
      "integrity": "sha512-iAkyBhwILpLIvkwzO5w5WUBtpYwxvzLRTO+sbzF3Uy7X4zznsy73v2b4sOQHXE3CQHeSNtB/YMU2Nn9tocbeBQ=="
    }
  }
}
